
Microsoft Visual Studio Solution File, Format Version 12.00
# Visual Studio 15
VisualStudioVersion = 15.0.27703.2042
MinimumVisualStudioVersion = 10.0.40219.1
Project("{FAE04EC0-301F-11D3-BF4B-00C04F79EFBC}") = "profprac", "profprac\profprac.csproj", "{D60070D8-3A0F-4799-9930-AAC3C0405B7C}"
EndProject
Global
	GlobalSection(SolutionConfigurationPlatforms) = preSolution
		Debug|Any CPU = Debug|Any CPU
		Release|Any CPU = Release|Any CPU
	EndGlobalSection
	GlobalSection(ProjectConfigurationPlatforms) = postSolution
		{D60070D8-3A0F-4799-9930-AAC3C0405B7C}.Debug|Any CPU.ActiveCfg = Debug|Any CPU
		{D60070D8-3A0F-4799-9930-AAC3C0405B7C}.Debug|Any CPU.Build.0 = Debug|Any CPU
		{D60070D8-3A0F-4799-9930-AAC3C0405B7C}.Release|Any CPU.ActiveCfg = Release|Any CPU
		{D60070D8-3A0F-4799-9930-AAC3C0405B7C}.Release|Any CPU.Build.0 = Release|Any CPU
	EndGlobalSection
	GlobalSection(SolutionProperties) = preSolution
		HideSolutionNode = FALSE
	EndGlobalSection
	GlobalSection(ExtensibilityGlobals) = postSolution
		SolutionGuid = {3A31B6FE-3FF5-4ACD-B147-9B9AF16DA11E}
	EndGlobalSection
EndGlobal
